// !$*UTF8*$!
{
	archiveVersion = 1;
	classes = {
	};
	objectVersion = 48;
	objects = {

/* Begin PBXBuildFile section */
		07193BF8201798A100DA1ECC /* SpendingsTableViewController.swift in Sources */ = {isa = PBXBuildFile; fileRef = 07193BF7201798A100DA1ECC /* SpendingsTableViewController.swift */; };
		07193BFF2017A97B00DA1ECC /* SpendingTableViewCell.swift in Sources */ = {isa = PBXBuildFile; fileRef = 07193BFD2017A97B00DA1ECC /* SpendingTableViewCell.swift */; };
		073DDFFF20035DD4000CAD7C /* AppDelegate.swift in Sources */ = {isa = PBXBuildFile; fileRef = 073DDFFE20035DD4000CAD7C /* AppDelegate.swift */; };
		073DE00120035DD4000CAD7C /* NewSpendingViewController.swift in Sources */ = {isa = PBXBuildFile; fileRef = 073DE00020035DD4000CAD7C /* NewSpendingViewController.swift */; };
		073DE00420035DD4000CAD7C /* Main.storyboard in Resources */ = {isa = PBXBuildFile; fileRef = 073DE00220035DD4000CAD7C /* Main.storyboard */; };
		073DE00720035DD4000CAD7C /* Cashmeter.xcdatamodeld in Sources */ = {isa = PBXBuildFile; fileRef = 073DE00520035DD4000CAD7C /* Cashmeter.xcdatamodeld */; };
		073DE00920035DD4000CAD7C /* Assets.xcassets in Resources */ = {isa = PBXBuildFile; fileRef = 073DE00820035DD4000CAD7C /* Assets.xcassets */; };
		073DE00C20035DD4000CAD7C /* LaunchScreen.storyboard in Resources */ = {isa = PBXBuildFile; fileRef = 073DE00A20035DD4000CAD7C /* LaunchScreen.storyboard */; };
		073DE01720035DD4000CAD7C /* CashmeterTests.swift in Sources */ = {isa = PBXBuildFile; fileRef = 073DE01620035DD4000CAD7C /* CashmeterTests.swift */; };
		077EBB652018B9F6006E12D5 /* Category+CoreDataClass.swift in Sources */ = {isa = PBXBuildFile; fileRef = 077EBB612018B9F6006E12D5 /* Category+CoreDataClass.swift */; };
		077EBB662018B9F6006E12D5 /* Category+CoreDataProperties.swift in Sources */ = {isa = PBXBuildFile; fileRef = 077EBB622018B9F6006E12D5 /* Category+CoreDataProperties.swift */; };
		077EBB672018B9F6006E12D5 /* Spending+CoreDataClass.swift in Sources */ = {isa = PBXBuildFile; fileRef = 077EBB632018B9F6006E12D5 /* Spending+CoreDataClass.swift */; };
		077EBB682018B9F6006E12D5 /* Spending+CoreDataProperties.swift in Sources */ = {isa = PBXBuildFile; fileRef = 077EBB642018B9F6006E12D5 /* Spending+CoreDataProperties.swift */; };
		077EBB742018BC15006E12D5 /* DefaultCategories.plist in Resources */ = {isa = PBXBuildFile; fileRef = 077EBB732018BC15006E12D5 /* DefaultCategories.plist */; };
		077EBB762018C8AD006E12D5 /* CategoryTableViewCell.swift in Sources */ = {isa = PBXBuildFile; fileRef = 077EBB752018C8AD006E12D5 /* CategoryTableViewCell.swift */; };
/* End PBXBuildFile section */

/* Begin PBXContainerItemProxy section */
		073DE01320035DD4000CAD7C /* PBXContainerItemProxy */ = {
			isa = PBXContainerItemProxy;
			containerPortal = 073DDFF320035DD4000CAD7C /* Project object */;
			proxyType = 1;
			remoteGlobalIDString = 073DDFFA20035DD4000CAD7C;
			remoteInfo = Cashmeter;
		};
/* End PBXContainerItemProxy section */

/* Begin PBXFileReference section */
		07193BF7201798A100DA1ECC /* SpendingsTableViewController.swift */ = {isa = PBXFileReference; lastKnownFileType = sourcecode.swift; path = SpendingsTableViewController.swift; sourceTree = "<group>"; };
		07193BFD2017A97B00DA1ECC /* SpendingTableViewCell.swift */ = {isa = PBXFileReference; lastKnownFileType = sourcecode.swift; path = SpendingTableViewCell.swift; sourceTree = "<group>"; };
		073DDFFB20035DD4000CAD7C /* Cashmeter.app */ = {isa = PBXFileReference; explicitFileType = wrapper.application; includeInIndex = 0; path = Cashmeter.app; sourceTree = BUILT_PRODUCTS_DIR; };
		073DDFFE20035DD4000CAD7C /* AppDelegate.swift */ = {isa = PBXFileReference; lastKnownFileType = sourcecode.swift; path = AppDelegate.swift; sourceTree = "<group>"; };
		073DE00020035DD4000CAD7C /* NewSpendingViewController.swift */ = {isa = PBXFileReference; lastKnownFileType = sourcecode.swift; path = NewSpendingViewController.swift; sourceTree = "<group>"; };
		073DE00320035DD4000CAD7C /* Base */ = {isa = PBXFileReference; lastKnownFileType = file.storyboard; name = Base; path = Base.lproj/Main.storyboard; sourceTree = "<group>"; };
		073DE00620035DD4000CAD7C /* Cashmeter.xcdatamodel */ = {isa = PBXFileReference; lastKnownFileType = wrapper.xcdatamodel; path = Cashmeter.xcdatamodel; sourceTree = "<group>"; };
		073DE00820035DD4000CAD7C /* Assets.xcassets */ = {isa = PBXFileReference; lastKnownFileType = folder.assetcatalog; path = Assets.xcassets; sourceTree = "<group>"; };
		073DE00B20035DD4000CAD7C /* Base */ = {isa = PBXFileReference; lastKnownFileType = file.storyboard; name = Base; path = Base.lproj/LaunchScreen.storyboard; sourceTree = "<group>"; };
		073DE00D20035DD4000CAD7C /* Info.plist */ = {isa = PBXFileReference; lastKnownFileType = text.plist.xml; path = Info.plist; sourceTree = "<group>"; };
		073DE01220035DD4000CAD7C /* CashmeterTests.xctest */ = {isa = PBXFileReference; explicitFileType = wrapper.cfbundle; includeInIndex = 0; path = CashmeterTests.xctest; sourceTree = BUILT_PRODUCTS_DIR; };
		073DE01620035DD4000CAD7C /* CashmeterTests.swift */ = {isa = PBXFileReference; lastKnownFileType = sourcecode.swift; path = CashmeterTests.swift; sourceTree = "<group>"; };
		073DE01820035DD4000CAD7C /* Info.plist */ = {isa = PBXFileReference; lastKnownFileType = text.plist.xml; path = Info.plist; sourceTree = "<group>"; };
		077EBB612018B9F6006E12D5 /* Category+CoreDataClass.swift */ = {isa = PBXFileReference; lastKnownFileType = sourcecode.swift; path = "Category+CoreDataClass.swift"; sourceTree = "<group>"; };
		077EBB622018B9F6006E12D5 /* Category+CoreDataProperties.swift */ = {isa = PBXFileReference; lastKnownFileType = sourcecode.swift; path = "Category+CoreDataProperties.swift"; sourceTree = "<group>"; };
		077EBB632018B9F6006E12D5 /* Spending+CoreDataClass.swift */ = {isa = PBXFileReference; lastKnownFileType = sourcecode.swift; path = "Spending+CoreDataClass.swift"; sourceTree = "<group>"; };
		077EBB642018B9F6006E12D5 /* Spending+CoreDataProperties.swift */ = {isa = PBXFileReference; lastKnownFileType = sourcecode.swift; path = "Spending+CoreDataProperties.swift"; sourceTree = "<group>"; };
		077EBB732018BC15006E12D5 /* DefaultCategories.plist */ = {isa = PBXFileReference; lastKnownFileType = text.plist.xml; path = DefaultCategories.plist; sourceTree = "<group>"; };
		077EBB752018C8AD006E12D5 /* CategoryTableViewCell.swift */ = {isa = PBXFileReference; lastKnownFileType = sourcecode.swift; path = CategoryTableViewCell.swift; sourceTree = "<group>"; };
/* End PBXFileReference section */

/* Begin PBXFrameworksBuildPhase section */
		073DDFF820035DD4000CAD7C /* Frameworks */ = {
			isa = PBXFrameworksBuildPhase;
			buildActionMask = 2147483647;
			files = (
			);
			runOnlyForDeploymentPostprocessing = 0;
		};
		073DE00F20035DD4000CAD7C /* Frameworks */ = {
			isa = PBXFrameworksBuildPhase;
			buildActionMask = 2147483647;
			files = (
			);
			runOnlyForDeploymentPostprocessing = 0;
		};
/* End PBXFrameworksBuildPhase section */

/* Begin PBXGroup section */
		07193BF4201757F700DA1ECC /* Models */ = {
			isa = PBXGroup;
			children = (
				077EBB612018B9F6006E12D5 /* Category+CoreDataClass.swift */,
				077EBB622018B9F6006E12D5 /* Category+CoreDataProperties.swift */,
				077EBB632018B9F6006E12D5 /* Spending+CoreDataClass.swift */,
				077EBB642018B9F6006E12D5 /* Spending+CoreDataProperties.swift */,
			);
			path = Models;
			sourceTree = "<group>";
		};
		07193BF52017580200DA1ECC /* Views */ = {
			isa = PBXGroup;
			children = (
				073DE00220035DD4000CAD7C /* Main.storyboard */,
				073DE00A20035DD4000CAD7C /* LaunchScreen.storyboard */,
				07193BFD2017A97B00DA1ECC /* SpendingTableViewCell.swift */,
				077EBB752018C8AD006E12D5 /* CategoryTableViewCell.swift */,
			);
			path = Views;
			sourceTree = "<group>";
		};
		07193BF62017580C00DA1ECC /* Controllers */ = {
			isa = PBXGroup;
			children = (
				073DE00020035DD4000CAD7C /* NewSpendingViewController.swift */,
				07193BF7201798A100DA1ECC /* SpendingsTableViewController.swift */,
			);
			path = Controllers;
			sourceTree = "<group>";
		};
		073DDFF220035DD4000CAD7C = {
			isa = PBXGroup;
			children = (
				073DDFFD20035DD4000CAD7C /* Cashmeter */,
				073DE01520035DD4000CAD7C /* CashmeterTests */,
				073DDFFC20035DD4000CAD7C /* Products */,
			);
			sourceTree = "<group>";
		};
		073DDFFC20035DD4000CAD7C /* Products */ = {
			isa = PBXGroup;
			children = (
				073DDFFB20035DD4000CAD7C /* Cashmeter.app */,
				073DE01220035DD4000CAD7C /* CashmeterTests.xctest */,
			);
			name = Products;
			sourceTree = "<group>";
		};
		073DDFFD20035DD4000CAD7C /* Cashmeter */ = {
			isa = PBXGroup;
			children = (
				073DDFFE20035DD4000CAD7C /* AppDelegate.swift */,
				07193BF4201757F700DA1ECC /* Models */,
				07193BF52017580200DA1ECC /* Views */,
				07193BF62017580C00DA1ECC /* Controllers */,
				073DE00820035DD4000CAD7C /* Assets.xcassets */,
				077EBB732018BC15006E12D5 /* DefaultCategories.plist */,
				073DE00D20035DD4000CAD7C /* Info.plist */,
				073DE00520035DD4000CAD7C /* Cashmeter.xcdatamodeld */,
			);
			path = Cashmeter;
			sourceTree = "<group>";
		};
		073DE01520035DD4000CAD7C /* CashmeterTests */ = {
			isa = PBXGroup;
			children = (
				073DE01620035DD4000CAD7C /* CashmeterTests.swift */,
				073DE01820035DD4000CAD7C /* Info.plist */,
			);
			path = CashmeterTests;
			sourceTree = "<group>";
		};
/* End PBXGroup section */

/* Begin PBXNativeTarget section */
		073DDFFA20035DD4000CAD7C /* Cashmeter */ = {
			isa = PBXNativeTarget;
			buildConfigurationList = 073DE01B20035DD4000CAD7C /* Build configuration list for PBXNativeTarget "Cashmeter" */;
			buildPhases = (
				073DDFF720035DD4000CAD7C /* Sources */,
				073DDFF820035DD4000CAD7C /* Frameworks */,
				073DDFF920035DD4000CAD7C /* Resources */,
			);
			buildRules = (
			);
			dependencies = (
			);
			name = Cashmeter;
			productName = Cashmeter;
			productReference = 073DDFFB20035DD4000CAD7C /* Cashmeter.app */;
			productType = "com.apple.product-type.application";
		};
		073DE01120035DD4000CAD7C /* CashmeterTests */ = {
			isa = PBXNativeTarget;
			buildConfigurationList = 073DE01E20035DD4000CAD7C /* Build configuration list for PBXNativeTarget "CashmeterTests" */;
			buildPhases = (
				073DE00E20035DD4000CAD7C /* Sources */,
				073DE00F20035DD4000CAD7C /* Frameworks */,
				073DE01020035DD4000CAD7C /* Resources */,
			);
			buildRules = (
			);
			dependencies = (
				073DE01420035DD4000CAD7C /* PBXTargetDependency */,
			);
			name = CashmeterTests;
			productName = CashmeterTests;
			productReference = 073DE01220035DD4000CAD7C /* CashmeterTests.xctest */;
			productType = "com.apple.product-type.bundle.unit-test";
		};
/* End PBXNativeTarget section */

/* Begin PBXProject section */
		073DDFF320035DD4000CAD7C /* Project object */ = {
			isa = PBXProject;
			attributes = {
				LastSwiftUpdateCheck = 0920;
				LastUpgradeCheck = 0920;
				ORGANIZATIONNAME = "Sergey Butorin";
				TargetAttributes = {
					073DDFFA20035DD4000CAD7C = {
						CreatedOnToolsVersion = 9.2;
						ProvisioningStyle = Automatic;
					};
					073DE01120035DD4000CAD7C = {
						CreatedOnToolsVersion = 9.2;
						ProvisioningStyle = Automatic;
						TestTargetID = 073DDFFA20035DD4000CAD7C;
					};
				};
			};
			buildConfigurationList = 073DDFF620035DD4000CAD7C /* Build configuration list for PBXProject "Cashmeter" */;
			compatibilityVersion = "Xcode 8.0";
			developmentRegion = en;
			hasScannedForEncodings = 0;
			knownRegions = (
				en,
				Base,
			);
			mainGroup = 073DDFF220035DD4000CAD7C;
			productRefGroup = 073DDFFC20035DD4000CAD7C /* Products */;
			projectDirPath = "";
			projectRoot = "";
			targets = (
				073DDFFA20035DD4000CAD7C /* Cashmeter */,
				073DE01120035DD4000CAD7C /* CashmeterTests */,
			);
		};
/* End PBXProject section */

/* Begin PBXResourcesBuildPhase section */
		073DDFF920035DD4000CAD7C /* Resources */ = {
			isa = PBXResourcesBuildPhase;
			buildActionMask = 2147483647;
			files = (
				077EBB742018BC15006E12D5 /* DefaultCategories.plist in Resources */,
				073DE00C20035DD4000CAD7C /* LaunchScreen.storyboard in Resources */,
				073DE00920035DD4000CAD7C /* Assets.xcassets in Resources */,
				073DE00420035DD4000CAD7C /* Main.storyboard in Resources */,
			);
			runOnlyForDeploymentPostprocessing = 0;
		};
		073DE01020035DD4000CAD7C /* Resources */ = {
			isa = PBXResourcesBuildPhase;
			buildActionMask = 2147483647;
			files = (
			);
			runOnlyForDeploymentPostprocessing = 0;
		};
/* End PBXResourcesBuildPhase section */

/* Begin PBXSourcesBuildPhase section */
		073DDFF720035DD4000CAD7C /* Sources */ = {
			isa = PBXSourcesBuildPhase;
			buildActionMask = 2147483647;
			files = (
				077EBB682018B9F6006E12D5 /* Spending+CoreDataProperties.swift in Sources */,
				077EBB662018B9F6006E12D5 /* Category+CoreDataProperties.swift in Sources */,
				077EBB652018B9F6006E12D5 /* Category+CoreDataClass.swift in Sources */,
				073DE00120035DD4000CAD7C /* NewSpendingViewController.swift in Sources */,
				073DE00720035DD4000CAD7C /* Cashmeter.xcdatamodeld in Sources */,
				077EBB762018C8AD006E12D5 /* CategoryTableViewCell.swift in Sources */,
				077EBB672018B9F6006E12D5 /* Spending+CoreDataClass.swift in Sources */,
				073DDFFF20035DD4000CAD7C /* AppDelegate.swift in Sources */,
				07193BF8201798A100DA1ECC /* SpendingsTableViewController.swift in Sources */,
				07193BFF2017A97B00DA1ECC /* SpendingTableViewCell.swift in Sources */,
			);
			runOnlyForDeploymentPostprocessing = 0;
		};
		073DE00E20035DD4000CAD7C /* Sources */ = {
			isa = PBXSourcesBuildPhase;
			buildActionMask = 2147483647;
			files = (
				073DE01720035DD4000CAD7C /* CashmeterTests.swift in Sources */,
			);
			runOnlyForDeploymentPostprocessing = 0;
		};
/* End PBXSourcesBuildPhase section */

/* Begin PBXTargetDependency section */
		073DE01420035DD4000CAD7C /* PBXTargetDependency */ = {
			isa = PBXTargetDependency;
			target = 073DDFFA20035DD4000CAD7C /* Cashmeter */;
			targetProxy = 073DE01320035DD4000CAD7C /* PBXContainerItemProxy */;
		};
/* End PBXTargetDependency section */

/* Begin PBXVariantGroup section */
		073DE00220035DD4000CAD7C /* Main.storyboard */ = {
			isa = PBXVariantGroup;
			children = (
				073DE00320035DD4000CAD7C /* Base */,
			);
			name = Main.storyboard;
			sourceTree = "<group>";
		};
		073DE00A20035DD4000CAD7C /* LaunchScreen.storyboard */ = {
			isa = PBXVariantGroup;
			children = (
				073DE00B20035DD4000CAD7C /* Base */,
			);
			name = LaunchScreen.storyboard;
			sourceTree = "<group>";
		};
/* End PBXVariantGroup section */

/* Begin XCBuildConfiguration section */
		073DE01920035DD4000CAD7C /* Debug */ = {
			isa = XCBuildConfiguration;
			buildSettings = {
				ALWAYS_SEARCH_USER_PATHS = NO;
				CLANG_ANALYZER_NONNULL = YES;
				CLANG_ANALYZER_NUMBER_OBJECT_CONVERSION = YES_AGGRESSIVE;
				CLANG_CXX_LANGUAGE_STANDARD = "gnu++14";
				CLANG_CXX_LIBRARY = "libc++";
				CLANG_ENABLE_MODULES = YES;
				CLANG_ENABLE_OBJC_ARC = YES;
				CLANG_WARN_BLOCK_CAPTURE_AUTORELEASING = YES;
				CLANG_WARN_BOOL_CONVERSION = YES;
				CLANG_WARN_COMMA = YES;
				CLANG_WARN_CONSTANT_CONVERSION = YES;
				CLANG_WARN_DIRECT_OBJC_ISA_USAGE = YES_ERROR;
				CLANG_WARN_DOCUMENTATION_COMMENTS = YES;
				CLANG_WARN_EMPTY_BODY = YES;
				CLANG_WARN_ENUM_CONVERSION = YES;
				CLANG_WARN_INFINITE_RECURSION = YES;
				CLANG_WARN_INT_CONVERSION = YES;
				CLANG_WARN_NON_LITERAL_NULL_CONVERSION = YES;
				CLANG_WARN_OBJC_LITERAL_CONVERSION = YES;
				CLANG_WARN_OBJC_ROOT_CLASS = YES_ERROR;
				CLANG_WARN_RANGE_LOOP_ANALYSIS = YES;
				CLANG_WARN_STRICT_PROTOTYPES = YES;
				CLANG_WARN_SUSPICIOUS_MOVE = YES;
				CLANG_WARN_UNGUARDED_AVAILABILITY = YES_AGGRESSIVE;
				CLANG_WARN_UNREACHABLE_CODE = YES;
				CLANG_WARN__DUPLICATE_METHOD_MATCH = YES;
				CODE_SIGN_IDENTITY = "iPhone Developer";
				COPY_PHASE_STRIP = NO;
				DEBUG_INFORMATION_FORMAT = dwarf;
				ENABLE_STRICT_OBJC_MSGSEND = YES;
				ENABLE_TESTABILITY = YES;
				GCC_C_LANGUAGE_STANDARD = gnu11;
				GCC_DYNAMIC_NO_PIC = NO;
				GCC_NO_COMMON_BLOCKS = YES;
				GCC_OPTIMIZATION_LEVEL = 0;
				GCC_PREPROCESSOR_DEFINITIONS = (
					"DEBUG=1",
					"$(inherited)",
				);
				GCC_WARN_64_TO_32_BIT_CONVERSION = YES;
				GCC_WARN_ABOUT_RETURN_TYPE = YES_ERROR;
				GCC_WARN_UNDECLARED_SELECTOR = YES;
				GCC_WARN_UNINITIALIZED_AUTOS = YES_AGGRESSIVE;
				GCC_WARN_UNUSED_FUNCTION = YES;
				GCC_WARN_UNUSED_VARIABLE = YES;
				IPHONEOS_DEPLOYMENT_TARGET = 11.2;
				MTL_ENABLE_DEBUG_INFO = YES;
				ONLY_ACTIVE_ARCH = YES;
				SDKROOT = iphoneos;
				SWIFT_ACTIVE_COMPILATION_CONDITIONS = DEBUG;
				SWIFT_OPTIMIZATION_LEVEL = "-Onone";
			};
			name = Debug;
		};
		073DE01A20035DD4000CAD7C /* Release */ = {
			isa = XCBuildConfiguration;
			buildSettings = {
				ALWAYS_SEARCH_USER_PATHS = NO;
				CLANG_ANALYZER_NONNULL = YES;
				CLANG_ANALYZER_NUMBER_OBJECT_CONVERSION = YES_AGGRESSIVE;
				CLANG_CXX_LANGUAGE_STANDARD = "gnu++14";
				CLANG_CXX_LIBRARY = "libc++";
				CLANG_ENABLE_MODULES = YES;
				CLANG_ENABLE_OBJC_ARC = YES;
				CLANG_WARN_BLOCK_CAPTURE_AUTORELEASING = YES;
				CLANG_WARN_BOOL_CONVERSION = YES;
				CLANG_WARN_COMMA = YES;
				CLANG_WARN_CONSTANT_CONVERSION = YES;
				CLANG_WARN_DIRECT_OBJC_ISA_USAGE = YES_ERROR;
				CLANG_WARN_DOCUMENTATION_COMMENTS = YES;
				CLANG_WARN_EMPTY_BODY = YES;
				CLANG_WARN_ENUM_CONVERSION = YES;
				CLANG_WARN_INFINITE_RECURSION = YES;
				CLANG_WARN_INT_CONVERSION = YES;
				CLANG_WARN_NON_LITERAL_NULL_CONVERSION = YES;
				CLANG_WARN_OBJC_LITERAL_CONVERSION = YES;
				CLANG_WARN_OBJC_ROOT_CLASS = YES_ERROR;
				CLANG_WARN_RANGE_LOOP_ANALYSIS = YES;
				CLANG_WARN_STRICT_PROTOTYPES = YES;
				CLANG_WARN_SUSPICIOUS_MOVE = YES;
				CLANG_WARN_UNGUARDED_AVAILABILITY = YES_AGGRESSIVE;
				CLANG_WARN_UNREACHABLE_CODE = YES;
				CLANG_WARN__DUPLICATE_METHOD_MATCH = YES;
				CODE_SIGN_IDENTITY = "iPhone Developer";
				COPY_PHASE_STRIP = NO;
				DEBUG_INFORMATION_FORMAT = "dwarf-with-dsym";
				ENABLE_NS_ASSERTIONS = NO;
				ENABLE_STRICT_OBJC_MSGSEND = YES;
				GCC_C_LANGUAGE_STANDARD = gnu11;
				GCC_NO_COMMON_BLOCKS = YES;
				GCC_WARN_64_TO_32_BIT_CONVERSION = YES;
				GCC_WARN_ABOUT_RETURN_TYPE = YES_ERROR;
				GCC_WARN_UNDECLARED_SELECTOR = YES;
				GCC_WARN_UNINITIALIZED_AUTOS = YES_AGGRESSIVE;
				GCC_WARN_UNUSED_FUNCTION = YES;
				GCC_WARN_UNUSED_VARIABLE = YES;
				IPHONEOS_DEPLOYMENT_TARGET = 11.2;
				MTL_ENABLE_DEBUG_INFO = NO;
				SDKROOT = iphoneos;
				SWIFT_OPTIMIZATION_LEVEL = "-Owholemodule";
				VALIDATE_PRODUCT = YES;
			};
			name = Release;
		};
		073DE01C20035DD4000CAD7C /* Debug */ = {
			isa = XCBuildConfiguration;
			buildSettings = {
				ASSETCATALOG_COMPILER_APPICON_NAME = AppIcon;
				CODE_SIGN_STYLE = Automatic;
				DEVELOPMENT_TEAM = 3H2J8552ML;
				INFOPLIST_FILE = Cashmeter/Info.plist;
				IPHONEOS_DEPLOYMENT_TARGET = 10.0;
				LD_RUNPATH_SEARCH_PATHS = "$(inherited) @executable_path/Frameworks";
				PRODUCT_BUNDLE_IDENTIFIER = com.sergeybutorin.Cashmeter;
				PRODUCT_NAME = "$(TARGET_NAME)";
				SWIFT_VERSION = 4.0;
				TARGETED_DEVICE_FAMILY = "1,2";
			};
			name = Debug;
		};
		073DE01D20035DD4000CAD7C /* Release */ = {
			isa = XCBuildConfiguration;
			buildSettings = {
				ASSETCATALOG_COMPILER_APPICON_NAME = AppIcon;
				CODE_SIGN_STYLE = Automatic;
				DEVELOPMENT_TEAM = 3H2J8552ML;
				INFOPLIST_FILE = Cashmeter/Info.plist;
				IPHONEOS_DEPLOYMENT_TARGET = 10.0;
				LD_RUNPATH_SEARCH_PATHS = "$(inherited) @executable_path/Frameworks";
				PRODUCT_BUNDLE_IDENTIFIER = com.sergeybutorin.Cashmeter;
				PRODUCT_NAME = "$(TARGET_NAME)";
				SWIFT_VERSION = 4.0;
				TARGETED_DEVICE_FAMILY = "1,2";
			};
			name = Release;
		};
		073DE01F20035DD4000CAD7C /* Debug */ = {
			isa = XCBuildConfiguration;
			buildSettings = {
				ALWAYS_EMBED_SWIFT_STANDARD_LIBRARIES = YES;
				BUNDLE_LOADER = "$(TEST_HOST)";
				CODE_SIGN_STYLE = Automatic;
				DEVELOPMENT_TEAM = 3H2J8552ML;
				INFOPLIST_FILE = CashmeterTests/Info.plist;
				LD_RUNPATH_SEARCH_PATHS = "$(inherited) @executable_path/Frameworks @loader_path/Frameworks";
				PRODUCT_BUNDLE_IDENTIFIER = com.sergeybutorin.CashmeterTests;
				PRODUCT_NAME = "$(TARGET_NAME)";
				SWIFT_VERSION = 4.0;
				TARGETED_DEVICE_FAMILY = "1,2";
				TEST_HOST = "$(BUILT_PRODUCTS_DIR)/Cashmeter.app/Cashmeter";
			};
			name = Debug;
		};
		073DE02020035DD4000CAD7C /* Release */ = {
			isa = XCBuildConfiguration;
			buildSettings = {
				ALWAYS_EMBED_SWIFT_STANDARD_LIBRARIES = YES;
				BUNDLE_LOADER = "$(TEST_HOST)";
				CODE_SIGN_STYLE = Automatic;
				DEVELOPMENT_TEAM = 3H2J8552ML;
				INFOPLIST_FILE = CashmeterTests/Info.plist;
				LD_RUNPATH_SEARCH_PATHS = "$(inherited) @executable_path/Frameworks @loader_path/Frameworks";
				PRODUCT_BUNDLE_IDENTIFIER = com.sergeybutorin.CashmeterTests;
				PRODUCT_NAME = "$(TARGET_NAME)";
				SWIFT_VERSION = 4.0;
				TARGETED_DEVICE_FAMILY = "1,2";
				TEST_HOST = "$(BUILT_PRODUCTS_DIR)/Cashmeter.app/Cashmeter";
			};
			name = Release;
		};
/* End XCBuildConfiguration section */

/* Begin XCConfigurationList section */
		073DDFF620035DD4000CAD7C /* Build configuration list for PBXProject "Cashmeter" */ = {
			isa = XCConfigurationList;
			buildConfigurations = (
				073DE01920035DD4000CAD7C /* Debug */,
				073DE01A20035DD4000CAD7C /* Release */,
			);
			defaultConfigurationIsVisible = 0;
			defaultConfigurationName = Release;
		};
		073DE01B20035DD4000CAD7C /* Build configuration list for PBXNativeTarget "Cashmeter" */ = {
			isa = XCConfigurationList;
			buildConfigurations = (
				073DE01C20035DD4000CAD7C /* Debug */,
				073DE01D20035DD4000CAD7C /* Release */,
			);
			defaultConfigurationIsVisible = 0;
			defaultConfigurationName = Release;
		};
		073DE01E20035DD4000CAD7C /* Build configuration list for PBXNativeTarget "CashmeterTests" */ = {
			isa = XCConfigurationList;
			buildConfigurations = (
				073DE01F20035DD4000CAD7C /* Debug */,
				073DE02020035DD4000CAD7C /* Release */,
			);
			defaultConfigurationIsVisible = 0;
			defaultConfigurationName = Release;
		};
/* End XCConfigurationList section */

/* Begin XCVersionGroup section */
		073DE00520035DD4000CAD7C /* Cashmeter.xcdatamodeld */ = {
			isa = XCVersionGroup;
			children = (
				073DE00620035DD4000CAD7C /* Cashmeter.xcdatamodel */,
			);
			currentVersion = 073DE00620035DD4000CAD7C /* Cashmeter.xcdatamodel */;
			path = Cashmeter.xcdatamodeld;
			sourceTree = "<group>";
			versionGroupType = wrapper.xcdatamodel;
		};
/* End XCVersionGroup section */
	};
	rootObject = 073DDFF320035DD4000CAD7C /* Project object */;
}
